// !$*UTF8*$!
{
	archiveVersion = 1;
	classes = {
	};
	objectVersion = 77;
	objects = {

/* Begin PBXBuildFile section */
		9E3C44052F6716A90035AEC8 /* WeightDiffBarChart.swift in Sources */ = {isa = PBXBuildFile; fileRef = 9E3C44042F67169E0035AEC8 /* WeightDiffBarChart.swift */; };
		9E6B67792F7027D70018BB2D /* Array+Ext.swift in Sources */ = {isa = PBXBuildFile; fileRef = 9E6B67782F7027D70018BB2D /* Array+Ext.swift */; };
		9E7195FA2F5ED8A60061C069 /* DashboardView.swift in Sources */ = {isa = PBXBuildFile; fileRef = 9E7195F52F5ED8A60061C069 /* DashboardView.swift */; };
		9E7195FB2F5ED8A60061C069 /* HealthDataListView.swift in Sources */ = {isa = PBXBuildFile; fileRef = 9E7195F62F5ED8A60061C069 /* HealthDataListView.swift */; };
		9E7195FC2F5ED8A60061C069 /* HealthKitPermissionPrimingView.swift in Sources */ = {isa = PBXBuildFile; fileRef = 9E7195F72F5ED8A60061C069 /* HealthKitPermissionPrimingView.swift */; };
		9E7195FD2F5ED8A60061C069 /* Step_TrackerApp.swift in Sources */ = {isa = PBXBuildFile; fileRef = 9E7195F82F5ED8A60061C069 /* Step_TrackerApp.swift */; };
		9E7195FE2F5ED8A60061C069 /* Assets.xcassets in Resources */ = {isa = PBXBuildFile; fileRef = 9E7195F42F5ED8A60061C069 /* Assets.xcassets */; };
		9E7196012F5EE5D20061C069 /* HealthKitManager.swift in Sources */ = {isa = PBXBuildFile; fileRef = 9E7196002F5EE5D20061C069 /* HealthKitManager.swift */; };
		9E7AD89E2F6C2A34004D08DF /* ChartEmptyView.swift in Sources */ = {isa = PBXBuildFile; fileRef = 9E7AD89D2F6C2A34004D08DF /* ChartEmptyView.swift */; };
		9E7E12562F6303DB001D1A34 /* HealthMetric.swift in Sources */ = {isa = PBXBuildFile; fileRef = 9E7E12552F6303DB001D1A34 /* HealthMetric.swift */; };
		9EA65A5D2F6EC11500EEDD5A /* STError.swift in Sources */ = {isa = PBXBuildFile; fileRef = 9EA65A5C2F6EC11000EEDD5A /* STError.swift */; };
		9EB478E82F6D98C800DE0148 /* ChartContainer.swift in Sources */ = {isa = PBXBuildFile; fileRef = 9EB478E72F6D98C800DE0148 /* ChartContainer.swift */; };
		9EB478EA2F6DA2D300DE0148 /* ChartHelper.swift in Sources */ = {isa = PBXBuildFile; fileRef = 9EB478E92F6DA2D300DE0148 /* ChartHelper.swift */; };
		9EB478EC2F6DA4FF00DE0148 /* ChartAnnotationView.swift in Sources */ = {isa = PBXBuildFile; fileRef = 9EB478EB2F6DA4FF00DE0148 /* ChartAnnotationView.swift */; };
		9EC6F2EC2F6595A500D0021D /* WeightLineChart.swift in Sources */ = {isa = PBXBuildFile; fileRef = 9EC6F2EB2F6595A500D0021D /* WeightLineChart.swift */; };
		9EC6F2EF2F65C27300D0021D /* MockData.swift in Sources */ = {isa = PBXBuildFile; fileRef = 9EC6F2EE2F65C27300D0021D /* MockData.swift */; };
		9EF7862E2F64694900C8A8DB /* StepBarChart.swift in Sources */ = {isa = PBXBuildFile; fileRef = 9EF7862D2F64694900C8A8DB /* StepBarChart.swift */; };
		9EF786362F647BE300C8A8DB /* ChartDataTypes.swift in Sources */ = {isa = PBXBuildFile; fileRef = 9EF786352F647BE300C8A8DB /* ChartDataTypes.swift */; };
		9EF7863A2F647CF800C8A8DB /* Date+Ext.swift in Sources */ = {isa = PBXBuildFile; fileRef = 9EF786392F647CEC00C8A8DB /* Date+Ext.swift */; };
		9EF7863D2F6485AE00C8A8DB /* Algorithms in Frameworks */ = {isa = PBXBuildFile; productRef = 9EF7863C2F6485AE00C8A8DB /* Algorithms */; };
		9EF7863F2F648A1E00C8A8DB /* StepPieChart.swift in Sources */ = {isa = PBXBuildFile; fileRef = 9EF7863E2F648A1E00C8A8DB /* StepPieChart.swift */; };
/* End PBXBuildFile section */

/* Begin PBXContainerItemProxy section */
		9E9FCC402F73F94C00B57AC5 /* PBXContainerItemProxy */ = {
			isa = PBXContainerItemProxy;
			containerPortal = 9EDD46322F59968D00B64B9D /* Project object */;
			proxyType = 1;
			remoteGlobalIDString = 9EDD46392F59968D00B64B9D;
			remoteInfo = "Step Tracker";
		};
/* End PBXContainerItemProxy section */

/* Begin PBXFileReference section */
		9E3C44042F67169E0035AEC8 /* WeightDiffBarChart.swift */ = {isa = PBXFileReference; lastKnownFileType = sourcecode.swift; path = WeightDiffBarChart.swift; sourceTree = "<group>"; };
		9E6B67782F7027D70018BB2D /* Array+Ext.swift */ = {isa = PBXFileReference; lastKnownFileType = sourcecode.swift; path = "Array+Ext.swift"; sourceTree = "<group>"; };
		9E7195F42F5ED8A60061C069 /* Assets.xcassets */ = {isa = PBXFileReference; lastKnownFileType = folder.assetcatalog; path = Assets.xcassets; sourceTree = "<group>"; };
		9E7195F52F5ED8A60061C069 /* DashboardView.swift */ = {isa = PBXFileReference; lastKnownFileType = sourcecode.swift; path = DashboardView.swift; sourceTree = "<group>"; };
		9E7195F62F5ED8A60061C069 /* HealthDataListView.swift */ = {isa = PBXFileReference; lastKnownFileType = sourcecode.swift; path = HealthDataListView.swift; sourceTree = "<group>"; };
		9E7195F72F5ED8A60061C069 /* HealthKitPermissionPrimingView.swift */ = {isa = PBXFileReference; lastKnownFileType = sourcecode.swift; path = HealthKitPermissionPrimingView.swift; sourceTree = "<group>"; };
		9E7195F82F5ED8A60061C069 /* Step_TrackerApp.swift */ = {isa = PBXFileReference; lastKnownFileType = sourcecode.swift; path = Step_TrackerApp.swift; sourceTree = "<group>"; };
		9E7195FF2F5EE10F0061C069 /* Step Tracker.entitlements */ = {isa = PBXFileReference; lastKnownFileType = text.plist.entitlements; path = "Step Tracker.entitlements"; sourceTree = "<group>"; };
		9E7196002F5EE5D20061C069 /* HealthKitManager.swift */ = {isa = PBXFileReference; lastKnownFileType = sourcecode.swift; path = HealthKitManager.swift; sourceTree = "<group>"; };
		9E7AD89D2F6C2A34004D08DF /* ChartEmptyView.swift */ = {isa = PBXFileReference; lastKnownFileType = sourcecode.swift; path = ChartEmptyView.swift; sourceTree = "<group>"; };
		9E7E12552F6303DB001D1A34 /* HealthMetric.swift */ = {isa = PBXFileReference; lastKnownFileType = sourcecode.swift; path = HealthMetric.swift; sourceTree = "<group>"; };
		9E9FCC3C2F73F94C00B57AC5 /* Step Tracker Tests.xctest */ = {isa = PBXFileReference; explicitFileType = wrapper.cfbundle; includeInIndex = 0; path = "Step Tracker Tests.xctest"; sourceTree = BUILT_PRODUCTS_DIR; };
		9EA65A5C2F6EC11000EEDD5A /* STError.swift */ = {isa = PBXFileReference; lastKnownFileType = sourcecode.swift; path = STError.swift; sourceTree = "<group>"; };
		9EB478E72F6D98C800DE0148 /* ChartContainer.swift */ = {isa = PBXFileReference; lastKnownFileType = sourcecode.swift; path = ChartContainer.swift; sourceTree = "<group>"; };
		9EB478E92F6DA2D300DE0148 /* ChartHelper.swift */ = {isa = PBXFileReference; lastKnownFileType = sourcecode.swift; path = ChartHelper.swift; sourceTree = "<group>"; };
		9EB478EB2F6DA4FF00DE0148 /* ChartAnnotationView.swift */ = {isa = PBXFileReference; lastKnownFileType = sourcecode.swift; path = ChartAnnotationView.swift; sourceTree = "<group>"; };
		9EC6F2EB2F6595A500D0021D /* WeightLineChart.swift */ = {isa = PBXFileReference; lastKnownFileType = sourcecode.swift; path = WeightLineChart.swift; sourceTree = "<group>"; };
		9EC6F2EE2F65C27300D0021D /* MockData.swift */ = {isa = PBXFileReference; lastKnownFileType = sourcecode.swift; path = MockData.swift; sourceTree = "<group>"; };
		9EDD463A2F59968D00B64B9D /* Step Tracker.app */ = {isa = PBXFileReference; explicitFileType = wrapper.application; includeInIndex = 0; path = "Step Tracker.app"; sourceTree = BUILT_PRODUCTS_DIR; };
		9EF7862D2F64694900C8A8DB /* StepBarChart.swift */ = {isa = PBXFileReference; lastKnownFileType = sourcecode.swift; path = StepBarChart.swift; sourceTree = "<group>"; };
		9EF786352F647BE300C8A8DB /* ChartDataTypes.swift */ = {isa = PBXFileReference; lastKnownFileType = sourcecode.swift; path = ChartDataTypes.swift; sourceTree = "<group>"; };
		9EF786392F647CEC00C8A8DB /* Date+Ext.swift */ = {isa = PBXFileReference; lastKnownFileType = sourcecode.swift; path = "Date+Ext.swift"; sourceTree = "<group>"; };
		9EF7863E2F648A1E00C8A8DB /* StepPieChart.swift */ = {isa = PBXFileReference; lastKnownFileType = sourcecode.swift; path = StepPieChart.swift; sourceTree = "<group>"; };
/* End PBXFileReference section */

/* Begin PBXFileSystemSynchronizedRootGroup section */
		9E9FCC3D2F73F94C00B57AC5 /* Step Tracker Tests */ = {
			isa = PBXFileSystemSynchronizedRootGroup;
			path = "Step Tracker Tests";
			sourceTree = "<group>";
		};
/* End PBXFileSystemSynchronizedRootGroup section */

/* Begin PBXFrameworksBuildPhase section */
		9E9FCC392F73F94C00B57AC5 /* Frameworks */ = {
			isa = PBXFrameworksBuildPhase;
			buildActionMask = 2147483647;
			files = (
			);
			runOnlyForDeploymentPostprocessing = 0;
		};
		9EDD46372F59968D00B64B9D /* Frameworks */ = {
			isa = PBXFrameworksBuildPhase;
			buildActionMask = 2147483647;
			files = (
				9EF7863D2F6485AE00C8A8DB /* Algorithms in Frameworks */,
			);
			runOnlyForDeploymentPostprocessing = 0;
		};
/* End PBXFrameworksBuildPhase section */

/* Begin PBXGroup section */
		9E7195F92F5ED8A60061C069 /* Step Tracker */ = {
			isa = PBXGroup;
			children = (
				9E7195FF2F5EE10F0061C069 /* Step Tracker.entitlements */,
				9E7195F82F5ED8A60061C069 /* Step_TrackerApp.swift */,
				9EC6F2ED2F65C23E00D0021D /* Utilities */,
				9EF786322F6475AB00C8A8DB /* Managers */,
				9EF786312F6475A100C8A8DB /* Model */,
				9EF786302F64755F00C8A8DB /* Charts */,
				9EF7862F2F64754B00C8A8DB /* Screens */,
				9E7195F42F5ED8A60061C069 /* Assets.xcassets */,
			);
			path = "Step Tracker";
			sourceTree = "<group>";
		};
		9E9A610A2F715D45007A9471 /* Charts */ = {
			isa = PBXGroup;
			children = (
				9EF7862D2F64694900C8A8DB /* StepBarChart.swift */,
				9EF7863E2F648A1E00C8A8DB /* StepPieChart.swift */,
				9EC6F2EB2F6595A500D0021D /* WeightLineChart.swift */,
				9E3C44042F67169E0035AEC8 /* WeightDiffBarChart.swift */,
			);
			path = Charts;
			sourceTree = "<group>";
		};
		9E9A610B2F715D4E007A9471 /* Chart Utilities */ = {
			isa = PBXGroup;
			children = (
				9EF786352F647BE300C8A8DB /* ChartDataTypes.swift */,
				9EB478E92F6DA2D300DE0148 /* ChartHelper.swift */,
			);
			path = "Chart Utilities";
			sourceTree = "<group>";
		};
		9E9A610C2F715D5B007A9471 /* Chart Custom Views */ = {
			isa = PBXGroup;
			children = (
				9E7AD89D2F6C2A34004D08DF /* ChartEmptyView.swift */,
				9EB478E72F6D98C800DE0148 /* ChartContainer.swift */,
				9EB478EB2F6DA4FF00DE0148 /* ChartAnnotationView.swift */,
			);
			path = "Chart Custom Views";
			sourceTree = "<group>";
		};
		9EC6F2ED2F65C23E00D0021D /* Utilities */ = {
			isa = PBXGroup;
			children = (
				9EF786382F647CD800C8A8DB /* Extensions */,
				9EC6F2EE2F65C27300D0021D /* MockData.swift */,
				9EA65A5C2F6EC11000EEDD5A /* STError.swift */,
			);
			path = Utilities;
			sourceTree = "<group>";
		};
		9EDD46312F59968D00B64B9D = {
			isa = PBXGroup;
			children = (
				9E7195F92F5ED8A60061C069 /* Step Tracker */,
				9E9FCC3D2F73F94C00B57AC5 /* Step Tracker Tests */,
				9EDD463B2F59968D00B64B9D /* Products */,
			);
			sourceTree = "<group>";
		};
		9EDD463B2F59968D00B64B9D /* Products */ = {
			isa = PBXGroup;
			children = (
				9EDD463A2F59968D00B64B9D /* Step Tracker.app */,
				9E9FCC3C2F73F94C00B57AC5 /* Step Tracker Tests.xctest */,
			);
			name = Products;
			sourceTree = "<group>";
		};
		9EF7862F2F64754B00C8A8DB /* Screens */ = {
			isa = PBXGroup;
			children = (
				9E7195F52F5ED8A60061C069 /* DashboardView.swift */,
				9E7195F62F5ED8A60061C069 /* HealthDataListView.swift */,
				9E7195F72F5ED8A60061C069 /* HealthKitPermissionPrimingView.swift */,
			);
			path = Screens;
			sourceTree = "<group>";
		};
		9EF786302F64755F00C8A8DB /* Charts */ = {
			isa = PBXGroup;
			children = (
				9E9A610A2F715D45007A9471 /* Charts */,
				9E9A610C2F715D5B007A9471 /* Chart Custom Views */,
				9E9A610B2F715D4E007A9471 /* Chart Utilities */,
			);
			path = Charts;
			sourceTree = "<group>";
		};
		9EF786312F6475A100C8A8DB /* Model */ = {
			isa = PBXGroup;
			children = (
				9E7E12552F6303DB001D1A34 /* HealthMetric.swift */,
			);
			path = Model;
			sourceTree = "<group>";
		};
		9EF786322F6475AB00C8A8DB /* Managers */ = {
			isa = PBXGroup;
			children = (
				9E7196002F5EE5D20061C069 /* HealthKitManager.swift */,
			);
			path = Managers;
			sourceTree = "<group>";
		};
		9EF786382F647CD800C8A8DB /* Extensions */ = {
			isa = PBXGroup;
			children = (
				9EF786392F647CEC00C8A8DB /* Date+Ext.swift */,
				9E6B67782F7027D70018BB2D /* Array+Ext.swift */,
			);
			path = Extensions;
			sourceTree = "<group>";
		};
/* End PBXGroup section */

/* Begin PBXNativeTarget section */
		9E9FCC3B2F73F94C00B57AC5 /* Step Tracker Tests */ = {
			isa = PBXNativeTarget;
			buildConfigurationList = 9E9FCC442F73F94C00B57AC5 /* Build configuration list for PBXNativeTarget "Step Tracker Tests" */;
			buildPhases = (
				9E9FCC382F73F94C00B57AC5 /* Sources */,
				9E9FCC392F73F94C00B57AC5 /* Frameworks */,
				9E9FCC3A2F73F94C00B57AC5 /* Resources */,
			);
			buildRules = (
			);
			dependencies = (
				9E9FCC412F73F94C00B57AC5 /* PBXTargetDependency */,
			);
			fileSystemSynchronizedGroups = (
				9E9FCC3D2F73F94C00B57AC5 /* Step Tracker Tests */,
			);
			name = "Step Tracker Tests";
			packageProductDependencies = (
			);
			productName = "Step Tracker Tests";
			productReference = 9E9FCC3C2F73F94C00B57AC5 /* Step Tracker Tests.xctest */;
			productType = "com.apple.product-type.bundle.unit-test";
		};
		9EDD46392F59968D00B64B9D /* Step Tracker */ = {
			isa = PBXNativeTarget;
			buildConfigurationList = 9EDD46452F59968E00B64B9D /* Build configuration list for PBXNativeTarget "Step Tracker" */;
			buildPhases = (
				9EDD46362F59968D00B64B9D /* Sources */,
				9EDD46372F59968D00B64B9D /* Frameworks */,
				9EDD46382F59968D00B64B9D /* Resources */,
			);
			buildRules = (
			);
			dependencies = (
			);
			name = "Step Tracker";
			packageProductDependencies = (
				9EF7863C2F6485AE00C8A8DB /* Algorithms */,
			);
			productName = "Step Tracker";
			productReference = 9EDD463A2F59968D00B64B9D /* Step Tracker.app */;
			productType = "com.apple.product-type.application";
		};
/* End PBXNativeTarget section */

/* Begin PBXProject section */
		9EDD46322F59968D00B64B9D /* Project object */ = {
			isa = PBXProject;
			attributes = {
				BuildIndependentTargetsInParallel = 1;
				LastSwiftUpdateCheck = 2620;
				LastUpgradeCheck = 2620;
				TargetAttributes = {
					9E9FCC3B2F73F94C00B57AC5 = {
						CreatedOnToolsVersion = 26.2;
						TestTargetID = 9EDD46392F59968D00B64B9D;
					};
					9EDD46392F59968D00B64B9D = {
						CreatedOnToolsVersion = 26.2;
					};
				};
			};
			buildConfigurationList = 9EDD46352F59968D00B64B9D /* Build configuration list for PBXProject "Step Tracker" */;
			developmentRegion = en;
			hasScannedForEncodings = 0;
			knownRegions = (
				en,
				Base,
			);
			mainGroup = 9EDD46312F59968D00B64B9D;
			minimizedProjectReferenceProxies = 1;
			packageReferences = (
				9EF7863B2F6485AE00C8A8DB /* XCRemoteSwiftPackageReference "swift-algorithms" */,
			);
			preferredProjectObjectVersion = 77;
			productRefGroup = 9EDD463B2F59968D00B64B9D /* Products */;
			projectDirPath = "";
			projectRoot = "";
			targets = (
				9EDD46392F59968D00B64B9D /* Step Tracker */,
				9E9FCC3B2F73F94C00B57AC5 /* Step Tracker Tests */,
			);
		};
/* End PBXProject section */

/* Begin PBXResourcesBuildPhase section */
		9E9FCC3A2F73F94C00B57AC5 /* Resources */ = {
			isa = PBXResourcesBuildPhase;
			buildActionMask = 2147483647;
			files = (
			);
			runOnlyForDeploymentPostprocessing = 0;
		};
		9EDD46382F59968D00B64B9D /* Resources */ = {
			isa = PBXResourcesBuildPhase;
			buildActionMask = 2147483647;
			files = (
				9E7195FE2F5ED8A60061C069 /* Assets.xcassets in Resources */,
			);
			runOnlyForDeploymentPostprocessing = 0;
		};
/* End PBXResourcesBuildPhase section */

/* Begin PBXSourcesBuildPhase section */
		9E9FCC382F73F94C00B57AC5 /* Sources */ = {
			isa = PBXSourcesBuildPhase;
			buildActionMask = 2147483647;
			files = (
			);
			runOnlyForDeploymentPostprocessing = 0;
		};
		9EDD46362F59968D00B64B9D /* Sources */ = {
			isa = PBXSourcesBuildPhase;
			buildActionMask = 2147483647;
			files = (
				9E7195FA2F5ED8A60061C069 /* DashboardView.swift in Sources */,
				9E7195FB2F5ED8A60061C069 /* HealthDataListView.swift in Sources */,
				9EF7862E2F64694900C8A8DB /* StepBarChart.swift in Sources */,
				9EC6F2EF2F65C27300D0021D /* MockData.swift in Sources */,
				9EB478EC2F6DA4FF00DE0148 /* ChartAnnotationView.swift in Sources */,
				9EB478E82F6D98C800DE0148 /* ChartContainer.swift in Sources */,
				9E7195FC2F5ED8A60061C069 /* HealthKitPermissionPrimingView.swift in Sources */,
				9E7AD89E2F6C2A34004D08DF /* ChartEmptyView.swift in Sources */,
				9E7196012F5EE5D20061C069 /* HealthKitManager.swift in Sources */,
				9EA65A5D2F6EC11500EEDD5A /* STError.swift in Sources */,
				9E7195FD2F5ED8A60061C069 /* Step_TrackerApp.swift in Sources */,
				9E3C44052F6716A90035AEC8 /* WeightDiffBarChart.swift in Sources */,
				9EB478EA2F6DA2D300DE0148 /* ChartHelper.swift in Sources */,
				9E7E12562F6303DB001D1A34 /* HealthMetric.swift in Sources */,
				9EF786362F647BE300C8A8DB /* ChartDataTypes.swift in Sources */,
				9EF7863F2F648A1E00C8A8DB /* StepPieChart.swift in Sources */,
				9E6B67792F7027D70018BB2D /* Array+Ext.swift in Sources */,
				9EC6F2EC2F6595A500D0021D /* WeightLineChart.swift in Sources */,
				9EF7863A2F647CF800C8A8DB /* Date+Ext.swift in Sources */,
			);
			runOnlyForDeploymentPostprocessing = 0;
		};
/* End PBXSourcesBuildPhase section */

/* Begin PBXTargetDependency section */
		9E9FCC412F73F94C00B57AC5 /* PBXTargetDependency */ = {
			isa = PBXTargetDependency;
			target = 9EDD46392F59968D00B64B9D /* Step Tracker */;
			targetProxy = 9E9FCC402F73F94C00B57AC5 /* PBXContainerItemProxy */;
		};
/* End PBXTargetDependency section */

/* Begin XCBuildConfiguration section */
		9E9FCC422F73F94C00B57AC5 /* Debug */ = {
			isa = XCBuildConfiguration;
			buildSettings = {
				BUNDLE_LOADER = "$(TEST_HOST)";
				CODE_SIGN_STYLE = Automatic;
				CURRENT_PROJECT_VERSION = 1;
				DEVELOPMENT_TEAM = DX3FFKRFQ9;
				GENERATE_INFOPLIST_FILE = YES;
				MARKETING_VERSION = 1.0;
				PRODUCT_BUNDLE_IDENTIFIER = "com.annabellim.Step-Tracker-Tests";
				PRODUCT_NAME = "$(TARGET_NAME)";
				STRING_CATALOG_GENERATE_SYMBOLS = NO;
				SWIFT_APPROACHABLE_CONCURRENCY = YES;
				SWIFT_EMIT_LOC_STRINGS = NO;
				SWIFT_UPCOMING_FEATURE_MEMBER_IMPORT_VISIBILITY = YES;
				SWIFT_VERSION = 5.0;
				TARGETED_DEVICE_FAMILY = "1,2";
				TEST_HOST = "$(BUILT_PRODUCTS_DIR)/Step Tracker.app/$(BUNDLE_EXECUTABLE_FOLDER_PATH)/Step Tracker";
			};
			name = Debug;
		};
		9E9FCC432F73F94C00B57AC5 /* Release */ = {
			isa = XCBuildConfiguration;
			buildSettings = {
				BUNDLE_LOADER = "$(TEST_HOST)";
				CODE_SIGN_STYLE = Automatic;
				CURRENT_PROJECT_VERSION = 1;
				DEVELOPMENT_TEAM = DX3FFKRFQ9;
				GENERATE_INFOPLIST_FILE = YES;
				MARKETING_VERSION = 1.0;
				PRODUCT_BUNDLE_IDENTIFIER = "com.annabellim.Step-Tracker-Tests";
				PRODUCT_NAME = "$(TARGET_NAME)";
				STRING_CATALOG_GENERATE_SYMBOLS = NO;
				SWIFT_APPROACHABLE_CONCURRENCY = YES;
				SWIFT_EMIT_LOC_STRINGS = NO;
				SWIFT_UPCOMING_FEATURE_MEMBER_IMPORT_VISIBILITY = YES;
				SWIFT_VERSION = 5.0;
				TARGETED_DEVICE_FAMILY = "1,2";
				TEST_HOST = "$(BUILT_PRODUCTS_DIR)/Step Tracker.app/$(BUNDLE_EXECUTABLE_FOLDER_PATH)/Step Tracker";
			};
			name = Release;
		};
		9EDD46432F59968E00B64B9D /* Debug */ = {
			isa = XCBuildConfiguration;
			buildSettings = {
				ALWAYS_SEARCH_USER_PATHS = NO;
				ASSETCATALOG_COMPILER_GENERATE_SWIFT_ASSET_SYMBOL_EXTENSIONS = YES;
				CLANG_ANALYZER_NONNULL = YES;
				CLANG_ANALYZER_NUMBER_OBJECT_CONVERSION = YES_AGGRESSIVE;
				CLANG_CXX_LANGUAGE_STANDARD = "gnu++20";
				CLANG_ENABLE_MODULES = YES;
				CLANG_ENABLE_OBJC_ARC = YES;
				CLANG_ENABLE_OBJC_WEAK = YES;
				CLANG_WARN_BLOCK_CAPTURE_AUTORELEASING = YES;
				CLANG_WARN_BOOL_CONVERSION = YES;
				CLANG_WARN_COMMA = YES;
				CLANG_WARN_CONSTANT_CONVERSION = YES;
				CLANG_WARN_DEPRECATED_OBJC_IMPLEMENTATIONS = YES;
				CLANG_WARN_DIRECT_OBJC_ISA_USAGE = YES_ERROR;
				CLANG_WARN_DOCUMENTATION_COMMENTS = YES;
				CLANG_WARN_EMPTY_BODY = YES;
				CLANG_WARN_ENUM_CONVERSION = YES;
				CLANG_WARN_INFINITE_RECURSION = YES;
				CLANG_WARN_INT_CONVERSION = YES;
				CLANG_WARN_NON_LITERAL_NULL_CONVERSION = YES;
				CLANG_WARN_OBJC_IMPLICIT_RETAIN_SELF = YES;
				CLANG_WARN_OBJC_LITERAL_CONVERSION = YES;
				CLANG_WARN_OBJC_ROOT_CLASS = YES_ERROR;
				CLANG_WARN_QUOTED_INCLUDE_IN_FRAMEWORK_HEADER = YES;
				CLANG_WARN_RANGE_LOOP_ANALYSIS = YES;
				CLANG_WARN_STRICT_PROTOTYPES = YES;
				CLANG_WARN_SUSPICIOUS_MOVE = YES;
				CLANG_WARN_UNGUARDED_AVAILABILITY = YES_AGGRESSIVE;
				CLANG_WARN_UNREACHABLE_CODE = YES;
				CLANG_WARN__DUPLICATE_METHOD_MATCH = YES;
				COPY_PHASE_STRIP = NO;
				DEBUG_INFORMATION_FORMAT = dwarf;
				DEVELOPMENT_TEAM = DX3FFKRFQ9;
				ENABLE_STRICT_OBJC_MSGSEND = YES;
				ENABLE_TESTABILITY = YES;
				ENABLE_USER_SCRIPT_SANDBOXING = YES;
				GCC_C_LANGUAGE_STANDARD = gnu17;
				GCC_DYNAMIC_NO_PIC = NO;
				GCC_NO_COMMON_BLOCKS = YES;
				GCC_OPTIMIZATION_LEVEL = 0;
				GCC_PREPROCESSOR_DEFINITIONS = (
					"DEBUG=1",
					"$(inherited)",
				);
				GCC_WARN_64_TO_32_BIT_CONVERSION = YES;
				GCC_WARN_ABOUT_RETURN_TYPE = YES_ERROR;
				GCC_WARN_UNDECLARED_SELECTOR = YES;
				GCC_WARN_UNINITIALIZED_AUTOS = YES_AGGRESSIVE;
				GCC_WARN_UNUSED_FUNCTION = YES;
				GCC_WARN_UNUSED_VARIABLE = YES;
				IPHONEOS_DEPLOYMENT_TARGET = 26.2;
				LOCALIZATION_PREFERS_STRING_CATALOGS = YES;
				MTL_ENABLE_DEBUG_INFO = INCLUDE_SOURCE;
				MTL_FAST_MATH = YES;
				ONLY_ACTIVE_ARCH = YES;
				SDKROOT = iphoneos;
				SWIFT_ACTIVE_COMPILATION_CONDITIONS = "DEBUG $(inherited)";
				SWIFT_OPTIMIZATION_LEVEL = "-Onone";
			};
			name = Debug;
		};
		9EDD46442F59968E00B64B9D /* Release */ = {
			isa = XCBuildConfiguration;
			buildSettings = {
				ALWAYS_SEARCH_USER_PATHS = NO;
				ASSETCATALOG_COMPILER_GENERATE_SWIFT_ASSET_SYMBOL_EXTENSIONS = YES;
				CLANG_ANALYZER_NONNULL = YES;
				CLANG_ANALYZER_NUMBER_OBJECT_CONVERSION = YES_AGGRESSIVE;
				CLANG_CXX_LANGUAGE_STANDARD = "gnu++20";
				CLANG_ENABLE_MODULES = YES;
				CLANG_ENABLE_OBJC_ARC = YES;
				CLANG_ENABLE_OBJC_WEAK = YES;
				CLANG_WARN_BLOCK_CAPTURE_AUTORELEASING = YES;
				CLANG_WARN_BOOL_CONVERSION = YES;
				CLANG_WARN_COMMA = YES;
				CLANG_WARN_CONSTANT_CONVERSION = YES;
				CLANG_WARN_DEPRECATED_OBJC_IMPLEMENTATIONS = YES;
				CLANG_WARN_DIRECT_OBJC_ISA_USAGE = YES_ERROR;
				CLANG_WARN_DOCUMENTATION_COMMENTS = YES;
				CLANG_WARN_EMPTY_BODY = YES;
				CLANG_WARN_ENUM_CONVERSION = YES;
				CLANG_WARN_INFINITE_RECURSION = YES;
				CLANG_WARN_INT_CONVERSION = YES;
				CLANG_WARN_NON_LITERAL_NULL_CONVERSION = YES;
				CLANG_WARN_OBJC_IMPLICIT_RETAIN_SELF = YES;
				CLANG_WARN_OBJC_LITERAL_CONVERSION = YES;
				CLANG_WARN_OBJC_ROOT_CLASS = YES_ERROR;
				CLANG_WARN_QUOTED_INCLUDE_IN_FRAMEWORK_HEADER = YES;
				CLANG_WARN_RANGE_LOOP_ANALYSIS = YES;
				CLANG_WARN_STRICT_PROTOTYPES = YES;
				CLANG_WARN_SUSPICIOUS_MOVE = YES;
				CLANG_WARN_UNGUARDED_AVAILABILITY = YES_AGGRESSIVE;
				CLANG_WARN_UNREACHABLE_CODE = YES;
				CLANG_WARN__DUPLICATE_METHOD_MATCH = YES;
				COPY_PHASE_STRIP = NO;
				DEBUG_INFORMATION_FORMAT = "dwarf-with-dsym";
				DEVELOPMENT_TEAM = DX3FFKRFQ9;
				ENABLE_NS_ASSERTIONS = NO;
				ENABLE_STRICT_OBJC_MSGSEND = YES;
				ENABLE_USER_SCRIPT_SANDBOXING = YES;
				GCC_C_LANGUAGE_STANDARD = gnu17;
				GCC_NO_COMMON_BLOCKS = YES;
				GCC_WARN_64_TO_32_BIT_CONVERSION = YES;
				GCC_WARN_ABOUT_RETURN_TYPE = YES_ERROR;
				GCC_WARN_UNDECLARED_SELECTOR = YES;
				GCC_WARN_UNINITIALIZED_AUTOS = YES_AGGRESSIVE;
				GCC_WARN_UNUSED_FUNCTION = YES;
				GCC_WARN_UNUSED_VARIABLE = YES;
				IPHONEOS_DEPLOYMENT_TARGET = 26.2;
				LOCALIZATION_PREFERS_STRING_CATALOGS = YES;
				MTL_ENABLE_DEBUG_INFO = NO;
				MTL_FAST_MATH = YES;
				SDKROOT = iphoneos;
				SWIFT_COMPILATION_MODE = wholemodule;
				VALIDATE_PRODUCT = YES;
			};
			name = Release;
		};
		9EDD46462F59968E00B64B9D /* Debug */ = {
			isa = XCBuildConfiguration;
			buildSettings = {
				ASSETCATALOG_COMPILER_APPICON_NAME = AppIcon;
				ASSETCATALOG_COMPILER_GLOBAL_ACCENT_COLOR_NAME = AccentColor;
				CODE_SIGN_ENTITLEMENTS = "Step Tracker/Step Tracker.entitlements";
				CODE_SIGN_STYLE = Automatic;
				CURRENT_PROJECT_VERSION = 1;
				DEVELOPMENT_TEAM = DX3FFKRFQ9;
				ENABLE_PREVIEWS = YES;
				GENERATE_INFOPLIST_FILE = YES;
				INFOPLIST_KEY_NSHealthShareUsageDescription = "So the app can show your step and weight data in an interactive chart";
				INFOPLIST_KEY_NSHealthUpdateUsageDescription = "So the app can add your step and weight data to Apple Health";
				INFOPLIST_KEY_UIApplicationSceneManifest_Generation = YES;
				INFOPLIST_KEY_UIApplicationSupportsIndirectInputEvents = YES;
				INFOPLIST_KEY_UILaunchScreen_Generation = YES;
				INFOPLIST_KEY_UISupportedInterfaceOrientations_iPad = "UIInterfaceOrientationPortrait UIInterfaceOrientationPortraitUpsideDown UIInterfaceOrientationLandscapeLeft UIInterfaceOrientationLandscapeRight";
				INFOPLIST_KEY_UISupportedInterfaceOrientations_iPhone = "UIInterfaceOrientationPortrait UIInterfaceOrientationLandscapeLeft UIInterfaceOrientationLandscapeRight";
				IPHONEOS_DEPLOYMENT_TARGET = 18.6;
				LD_RUNPATH_SEARCH_PATHS = (
					"$(inherited)",
					"@executable_path/Frameworks",
				);
				MARKETING_VERSION = 1.0.0;
				PRODUCT_BUNDLE_IDENTIFIER = "com.annabellim.Step-Tracker";
				PRODUCT_NAME = "$(TARGET_NAME)";
				STRING_CATALOG_GENERATE_SYMBOLS = YES;
				SWIFT_APPROACHABLE_CONCURRENCY = YES;
				SWIFT_DEFAULT_ACTOR_ISOLATION = MainActor;
				SWIFT_EMIT_LOC_STRINGS = YES;
				SWIFT_UPCOMING_FEATURE_MEMBER_IMPORT_VISIBILITY = YES;
				SWIFT_VERSION = 6.0;
				TARGETED_DEVICE_FAMILY = "1,2";
			};
			name = Debug;
		};
		9EDD46472F59968E00B64B9D /* Release */ = {
			isa = XCBuildConfiguration;
			buildSettings = {
				ASSETCATALOG_COMPILER_APPICON_NAME = AppIcon;
				ASSETCATALOG_COMPILER_GLOBAL_ACCENT_COLOR_NAME = AccentColor;
				CODE_SIGN_ENTITLEMENTS = "Step Tracker/Step Tracker.entitlements";
				CODE_SIGN_STYLE = Automatic;
				CURRENT_PROJECT_VERSION = 1;
				DEVELOPMENT_TEAM = DX3FFKRFQ9;
				ENABLE_PREVIEWS = YES;
				GENERATE_INFOPLIST_FILE = YES;
				INFOPLIST_KEY_NSHealthShareUsageDescription = "So the app can show your step and weight data in an interactive chart";
				INFOPLIST_KEY_NSHealthUpdateUsageDescription = "So the app can add your step and weight data to Apple Health";
				INFOPLIST_KEY_UIApplicationSceneManifest_Generation = YES;
				INFOPLIST_KEY_UIApplicationSupportsIndirectInputEvents = YES;
				INFOPLIST_KEY_UILaunchScreen_Generation = YES;
				INFOPLIST_KEY_UISupportedInterfaceOrientations_iPad = "UIInterfaceOrientationPortrait UIInterfaceOrientationPortraitUpsideDown UIInterfaceOrientationLandscapeLeft UIInterfaceOrientationLandscapeRight";
				INFOPLIST_KEY_UISupportedInterfaceOrientations_iPhone = "UIInterfaceOrientationPortrait UIInterfaceOrientationLandscapeLeft UIInterfaceOrientationLandscapeRight";
				IPHONEOS_DEPLOYMENT_TARGET = 18.6;
				LD_RUNPATH_SEARCH_PATHS = (
					"$(inherited)",
					"@executable_path/Frameworks",
				);
				MARKETING_VERSION = 1.0.0;
				PRODUCT_BUNDLE_IDENTIFIER = "com.annabellim.Step-Tracker";
				PRODUCT_NAME = "$(TARGET_NAME)";
				STRING_CATALOG_GENERATE_SYMBOLS = YES;
				SWIFT_APPROACHABLE_CONCURRENCY = YES;
				SWIFT_DEFAULT_ACTOR_ISOLATION = MainActor;
				SWIFT_EMIT_LOC_STRINGS = YES;
				SWIFT_UPCOMING_FEATURE_MEMBER_IMPORT_VISIBILITY = YES;
				SWIFT_VERSION = 6.0;
				TARGETED_DEVICE_FAMILY = "1,2";
			};
			name = Release;
		};
/* End XCBuildConfiguration section */

/* Begin XCConfigurationList section */
		9E9FCC442F73F94C00B57AC5 /* Build configuration list for PBXNativeTarget "Step Tracker Tests" */ = {
			isa = XCConfigurationList;
			buildConfigurations = (
				9E9FCC422F73F94C00B57AC5 /* Debug */,
				9E9FCC432F73F94C00B57AC5 /* Release */,
			);
			defaultConfigurationIsVisible = 0;
			defaultConfigurationName = Release;
		};
		9EDD46352F59968D00B64B9D /* Build configuration list for PBXProject "Step Tracker" */ = {
			isa = XCConfigurationList;
			buildConfigurations = (
				9EDD46432F59968E00B64B9D /* Debug */,
				9EDD46442F59968E00B64B9D /* Release */,
			);
			defaultConfigurationIsVisible = 0;
			defaultConfigurationName = Release;
		};
		9EDD46452F59968E00B64B9D /* Build configuration list for PBXNativeTarget "Step Tracker" */ = {
			isa = XCConfigurationList;
			buildConfigurations = (
				9EDD46462F59968E00B64B9D /* Debug */,
				9EDD46472F59968E00B64B9D /* Release */,
			);
			defaultConfigurationIsVisible = 0;
			defaultConfigurationName = Release;
		};
/* End XCConfigurationList section */

/* Begin XCRemoteSwiftPackageReference section */
		9EF7863B2F6485AE00C8A8DB /* XCRemoteSwiftPackageReference "swift-algorithms" */ = {
			isa = XCRemoteSwiftPackageReference;
			repositoryURL = "https://github.com/apple/swift-algorithms.git";
			requirement = {
				kind = upToNextMajorVersion;
				minimumVersion = 1.2.1;
			};
		};
/* End XCRemoteSwiftPackageReference section */

/* Begin XCSwiftPackageProductDependency section */
		9EF7863C2F6485AE00C8A8DB /* Algorithms */ = {
			isa = XCSwiftPackageProductDependency;
			package = 9EF7863B2F6485AE00C8A8DB /* XCRemoteSwiftPackageReference "swift-algorithms" */;
			productName = Algorithms;
		};
/* End XCSwiftPackageProductDependency section */
	};
	rootObject = 9EDD46322F59968D00B64B9D /* Project object */;
}
